github.com/lwch/logging v0.0.0-20211115073745-0db19179db17 h1:LJ8K1245kOPu1BGgEsmW/tr5gdkrX1vdQ+aztXjMjAA=
github.com/lwch/logging v0.0.0-20211115073745-0db19179db17/go.mod h1:aXQui5bsF/d4I+z6szuiBWY5m4y9t6pyZ2Q/sLgkBBg=
github.com/lwch/runtime v0.0.0-20190520054850-8c97e19e0c6d h1:Xg+zzPtvX22DaoJD5Bp0tqPdB8gn5WypghIJ4fluqiQ=
github.com/lwch/runtime v0.0.0-20190520054850-8c97e19e0c6d/go.mod h1:uEt0zu1MDC7WnVvodPBGSYAD/KMKk0v36xE8UE5veM8=
